{
  "name": "Publishing-Package-On-NPM",
  "lockfileVersion": 3,
  "requires": true,
  "packages": {
    "": {
      "dependencies": {
        "vikasdev66": "^1.0.0"
      }
    },
    "node_modules/vikasdev66": {
      "version": "1.0.0",
      "resolved": "https://registry.npmjs.org/vikasdev66/-/vikasdev66-1.0.0.tgz",
      "integrity": "sha512-AF0UeUCZflrHx6TNrVPldYN3j+32bZVKfD9RdhFdbVsGyTJf0ZswIEiLESp82CUd/69+1p1+qS9AFfSNZWkqlg=="
    }
  }
}
