{
  "name": "word-count-vikasdev66",
  "version": "0.0.2",
  "lockfileVersion": 3,
  "requires": true,
  "packages": {
    "": {
      "name": "word-count-vikasdev66",
      "version": "0.0.2",
      "license": "MIT",
      "dependencies": {
        "word-count-vikasdev66": "^0.0.1"
      },
      "bin": {
        "word-count-vikasdev66": "index.js"
      }
    },
    "node_modules/word-count-vikasdev66": {
      "version": "0.0.1",
      "resolved": "https://registry.npmjs.org/word-count-vikasdev66/-/word-count-vikasdev66-0.0.1.tgz",
      "integrity": "sha512-quDoI4reZTDzDHRyML4SKrmlS29rSMEfQPaRkvYt0K2Zg+Chlx8b/jdS+7i0qMOBYg2kx6xOE+bgmULm05ev/g==",
      "license": "MIT",
      "bin": {
        "word-count-vikasdev66": "index.js"
      }
    }
  }
}
